// !$*UTF8*$!
{
	archiveVersion = 1;
	classes = {
	};
	objectVersion = 50;
	objects = {

/* Begin PBXBuildFile section */
		54F14989210F8C0A007B0D1F /* AppDelegate.swift in Sources */ = {isa = PBXBuildFile; fileRef = 54F14988210F8C0A007B0D1F /* AppDelegate.swift */; };
		54F1498F210F8C0A007B0D1F /* GameData.swift in Sources */ = {isa = PBXBuildFile; fileRef = 54F1498E210F8C0A007B0D1F /* GameData.swift */; };
		54F14991210F8C0A007B0D1F /* GameViewController.swift in Sources */ = {isa = PBXBuildFile; fileRef = 54F14990210F8C0A007B0D1F /* GameViewController.swift */; };
		54F14994210F8C0A007B0D1F /* Main.storyboard in Resources */ = {isa = PBXBuildFile; fileRef = 54F14992210F8C0A007B0D1F /* Main.storyboard */; };
		54F14996210F8C0E007B0D1F /* Assets.xcassets in Resources */ = {isa = PBXBuildFile; fileRef = 54F14995210F8C0E007B0D1F /* Assets.xcassets */; };
		54F14999210F8C0E007B0D1F /* LaunchScreen.storyboard in Resources */ = {isa = PBXBuildFile; fileRef = 54F14997210F8C0E007B0D1F /* LaunchScreen.storyboard */; };
		54F149A4210F8D09007B0D1F /* MenuScene.swift in Sources */ = {isa = PBXBuildFile; fileRef = 54F149A3210F8D09007B0D1F /* MenuScene.swift */; };
		54F149A6210F8D11007B0D1F /* MenuControls.swift in Sources */ = {isa = PBXBuildFile; fileRef = 54F149A5210F8D11007B0D1F /* MenuControls.swift */; };
		54F149B0210F8DCC007B0D1F /* GameSceneState.swift in Sources */ = {isa = PBXBuildFile; fileRef = 54F149AB210F8DCC007B0D1F /* GameSceneState.swift */; };
		54F149B2210F8DCC007B0D1F /* InstructionsSceneState.swift in Sources */ = {isa = PBXBuildFile; fileRef = 54F149AD210F8DCC007B0D1F /* InstructionsSceneState.swift */; };
		54F149B3210F8DCC007B0D1F /* MenuSceneState.swift in Sources */ = {isa = PBXBuildFile; fileRef = 54F149AE210F8DCC007B0D1F /* MenuSceneState.swift */; };
		54F149B4210F8DCC007B0D1F /* SceneState.swift in Sources */ = {isa = PBXBuildFile; fileRef = 54F149AF210F8DCC007B0D1F /* SceneState.swift */; };
		54F149B7210F8DED007B0D1F /* GameScene.swift in Sources */ = {isa = PBXBuildFile; fileRef = 54F149B5210F8DEC007B0D1F /* GameScene.swift */; };
		54F149B8210F8DED007B0D1F /* GameControls.swift in Sources */ = {isa = PBXBuildFile; fileRef = 54F149B6210F8DEC007B0D1F /* GameControls.swift */; };
		54F149BB210F8E02007B0D1F /* InstructionsScene.swift in Sources */ = {isa = PBXBuildFile; fileRef = 54F149B9210F8E02007B0D1F /* InstructionsScene.swift */; };
		54F149BC210F8E02007B0D1F /* InstructionsControls.swift in Sources */ = {isa = PBXBuildFile; fileRef = 54F149BA210F8E02007B0D1F /* InstructionsControls.swift */; };
/* End PBXBuildFile section */

/* Begin PBXFileReference section */
		54F14985210F8C0A007B0D1F /* TeacherDisaster.app */ = {isa = PBXFileReference; explicitFileType = wrapper.application; includeInIndex = 0; path = TeacherDisaster.app; sourceTree = BUILT_PRODUCTS_DIR; };
		54F14988210F8C0A007B0D1F /* AppDelegate.swift */ = {isa = PBXFileReference; lastKnownFileType = sourcecode.swift; path = AppDelegate.swift; sourceTree = "<group>"; };
		54F1498E210F8C0A007B0D1F /* GameData.swift */ = {isa = PBXFileReference; lastKnownFileType = sourcecode.swift; path = GameData.swift; sourceTree = "<group>"; };
		54F14990210F8C0A007B0D1F /* GameViewController.swift */ = {isa = PBXFileReference; lastKnownFileType = sourcecode.swift; path = GameViewController.swift; sourceTree = "<group>"; };
		54F14993210F8C0A007B0D1F /* Base */ = {isa = PBXFileReference; lastKnownFileType = file.storyboard; name = Base; path = Base.lproj/Main.storyboard; sourceTree = "<group>"; };
		54F14995210F8C0E007B0D1F /* Assets.xcassets */ = {isa = PBXFileReference; lastKnownFileType = folder.assetcatalog; path = Assets.xcassets; sourceTree = "<group>"; };
		54F14998210F8C0E007B0D1F /* Base */ = {isa = PBXFileReference; lastKnownFileType = file.storyboard; name = Base; path = Base.lproj/LaunchScreen.storyboard; sourceTree = "<group>"; };
		54F1499A210F8C0E007B0D1F /* Info.plist */ = {isa = PBXFileReference; lastKnownFileType = text.plist.xml; path = Info.plist; sourceTree = "<group>"; };
		54F149A3210F8D09007B0D1F /* MenuScene.swift */ = {isa = PBXFileReference; fileEncoding = 4; lastKnownFileType = sourcecode.swift; path = MenuScene.swift; sourceTree = "<group>"; };
		54F149A5210F8D11007B0D1F /* MenuControls.swift */ = {isa = PBXFileReference; fileEncoding = 4; lastKnownFileType = sourcecode.swift; path = MenuControls.swift; sourceTree = "<group>"; };
		54F149AB210F8DCC007B0D1F /* GameSceneState.swift */ = {isa = PBXFileReference; fileEncoding = 4; lastKnownFileType = sourcecode.swift; path = GameSceneState.swift; sourceTree = "<group>"; };
		54F149AD210F8DCC007B0D1F /* InstructionsSceneState.swift */ = {isa = PBXFileReference; fileEncoding = 4; lastKnownFileType = sourcecode.swift; path = InstructionsSceneState.swift; sourceTree = "<group>"; };
		54F149AE210F8DCC007B0D1F /* MenuSceneState.swift */ = {isa = PBXFileReference; fileEncoding = 4; lastKnownFileType = sourcecode.swift; path = MenuSceneState.swift; sourceTree = "<group>"; };
		54F149AF210F8DCC007B0D1F /* SceneState.swift */ = {isa = PBXFileReference; fileEncoding = 4; lastKnownFileType = sourcecode.swift; path = SceneState.swift; sourceTree = "<group>"; };
		54F149B5210F8DEC007B0D1F /* GameScene.swift */ = {isa = PBXFileReference; fileEncoding = 4; lastKnownFileType = sourcecode.swift; path = GameScene.swift; sourceTree = "<group>"; };
		54F149B6210F8DEC007B0D1F /* GameControls.swift */ = {isa = PBXFileReference; fileEncoding = 4; lastKnownFileType = sourcecode.swift; path = GameControls.swift; sourceTree = "<group>"; };
		54F149B9210F8E02007B0D1F /* InstructionsScene.swift */ = {isa = PBXFileReference; fileEncoding = 4; lastKnownFileType = sourcecode.swift; path = InstructionsScene.swift; sourceTree = "<group>"; };
		54F149BA210F8E02007B0D1F /* InstructionsControls.swift */ = {isa = PBXFileReference; fileEncoding = 4; lastKnownFileType = sourcecode.swift; path = InstructionsControls.swift; sourceTree = "<group>"; };
/* End PBXFileReference section */

/* Begin PBXFrameworksBuildPhase section */
		54F14982210F8C0A007B0D1F /* Frameworks */ = {
			isa = PBXFrameworksBuildPhase;
			buildActionMask = 2147483647;
			files = (
			);
			runOnlyForDeploymentPostprocessing = 0;
		};
/* End PBXFrameworksBuildPhase section */

/* Begin PBXGroup section */
		54F1497C210F8C0A007B0D1F = {
			isa = PBXGroup;
			children = (
				54F14987210F8C0A007B0D1F /* TeacherDisaster */,
				54F14986210F8C0A007B0D1F /* Products */,
			);
			sourceTree = "<group>";
		};
		54F14986210F8C0A007B0D1F /* Products */ = {
			isa = PBXGroup;
			children = (
				54F14985210F8C0A007B0D1F /* TeacherDisaster.app */,
			);
			name = Products;
			sourceTree = "<group>";
		};
		54F14987210F8C0A007B0D1F /* TeacherDisaster */ = {
			isa = PBXGroup;
			children = (
				54F14988210F8C0A007B0D1F /* AppDelegate.swift */,
				54F1498E210F8C0A007B0D1F /* GameData.swift */,
				54F14990210F8C0A007B0D1F /* GameViewController.swift */,
				54F149A9210F8D43007B0D1F /* Scenes */,
				54F149AA210F8D9C007B0D1F /* SceneStates */,
				54F14992210F8C0A007B0D1F /* Main.storyboard */,
				54F14995210F8C0E007B0D1F /* Assets.xcassets */,
				54F14997210F8C0E007B0D1F /* LaunchScreen.storyboard */,
				54F1499A210F8C0E007B0D1F /* Info.plist */,
			);
			path = TeacherDisaster;
			sourceTree = "<group>";
		};
		54F149A0210F8C45007B0D1F /* Menu */ = {
			isa = PBXGroup;
			children = (
				54F149A5210F8D11007B0D1F /* MenuControls.swift */,
				54F149A3210F8D09007B0D1F /* MenuScene.swift */,
			);
			path = Menu;
			sourceTree = "<group>";
		};
		54F149A1210F8C55007B0D1F /* Game */ = {
			isa = PBXGroup;
			children = (
				54F149B6210F8DEC007B0D1F /* GameControls.swift */,
				54F149B5210F8DEC007B0D1F /* GameScene.swift */,
			);
			path = Game;
			sourceTree = "<group>";
		};
		54F149A2210F8C72007B0D1F /* Instructions */ = {
			isa = PBXGroup;
			children = (
				54F149BA210F8E02007B0D1F /* InstructionsControls.swift */,
				54F149B9210F8E02007B0D1F /* InstructionsScene.swift */,
			);
			path = Instructions;
			sourceTree = "<group>";
		};
		54F149A9210F8D43007B0D1F /* Scenes */ = {
			isa = PBXGroup;
			children = (
				54F149A0210F8C45007B0D1F /* Menu */,
				54F149A1210F8C55007B0D1F /* Game */,
				54F149A2210F8C72007B0D1F /* Instructions */,
			);
			path = Scenes;
			sourceTree = "<group>";
		};
		54F149AA210F8D9C007B0D1F /* SceneStates */ = {
			isa = PBXGroup;
			children = (
				54F149AF210F8DCC007B0D1F /* SceneState.swift */,
				54F149AE210F8DCC007B0D1F /* MenuSceneState.swift */,
				54F149AB210F8DCC007B0D1F /* GameSceneState.swift */,
				54F149AD210F8DCC007B0D1F /* InstructionsSceneState.swift */,
			);
			path = SceneStates;
			sourceTree = "<group>";
		};
/* End PBXGroup section */

/* Begin PBXNativeTarget section */
		54F14984210F8C0A007B0D1F /* TeacherDisaster */ = {
			isa = PBXNativeTarget;
			buildConfigurationList = 54F1499D210F8C0E007B0D1F /* Build configuration list for PBXNativeTarget "TeacherDisaster" */;
			buildPhases = (
				54F14981210F8C0A007B0D1F /* Sources */,
				54F14982210F8C0A007B0D1F /* Frameworks */,
				54F14983210F8C0A007B0D1F /* Resources */,
			);
			buildRules = (
			);
			dependencies = (
			);
			name = TeacherDisaster;
			productName = TeacherDisaster;
			productReference = 54F14985210F8C0A007B0D1F /* TeacherDisaster.app */;
			productType = "com.apple.product-type.application";
		};
/* End PBXNativeTarget section */

/* Begin PBXProject section */
		54F1497D210F8C0A007B0D1F /* Project object */ = {
			isa = PBXProject;
			attributes = {
				LastSwiftUpdateCheck = 0940;
				LastUpgradeCheck = 0940;
				ORGANIZATIONNAME = "María del Pilar López Pacheco";
				TargetAttributes = {
					54F14984210F8C0A007B0D1F = {
						CreatedOnToolsVersion = 9.4.1;
					};
				};
			};
			buildConfigurationList = 54F14980210F8C0A007B0D1F /* Build configuration list for PBXProject "TeacherDisaster" */;
			compatibilityVersion = "Xcode 9.3";
			developmentRegion = en;
			hasScannedForEncodings = 0;
			knownRegions = (
				en,
				Base,
			);
			mainGroup = 54F1497C210F8C0A007B0D1F;
			productRefGroup = 54F14986210F8C0A007B0D1F /* Products */;
			projectDirPath = "";
			projectRoot = "";
			targets = (
				54F14984210F8C0A007B0D1F /* TeacherDisaster */,
			);
		};
/* End PBXProject section */

/* Begin PBXResourcesBuildPhase section */
		54F14983210F8C0A007B0D1F /* Resources */ = {
			isa = PBXResourcesBuildPhase;
			buildActionMask = 2147483647;
			files = (
				54F14994210F8C0A007B0D1F /* Main.storyboard in Resources */,
				54F14996210F8C0E007B0D1F /* Assets.xcassets in Resources */,
				54F14999210F8C0E007B0D1F /* LaunchScreen.storyboard in Resources */,
			);
			runOnlyForDeploymentPostprocessing = 0;
		};
/* End PBXResourcesBuildPhase section */

/* Begin PBXSourcesBuildPhase section */
		54F14981210F8C0A007B0D1F /* Sources */ = {
			isa = PBXSourcesBuildPhase;
			buildActionMask = 2147483647;
			files = (
				54F149B7210F8DED007B0D1F /* GameScene.swift in Sources */,
				54F1498F210F8C0A007B0D1F /* GameData.swift in Sources */,
				54F149B3210F8DCC007B0D1F /* MenuSceneState.swift in Sources */,
				54F149A4210F8D09007B0D1F /* MenuScene.swift in Sources */,
				54F149B2210F8DCC007B0D1F /* InstructionsSceneState.swift in Sources */,
				54F149B0210F8DCC007B0D1F /* GameSceneState.swift in Sources */,
				54F149B4210F8DCC007B0D1F /* SceneState.swift in Sources */,
				54F149B8210F8DED007B0D1F /* GameControls.swift in Sources */,
				54F149BC210F8E02007B0D1F /* InstructionsControls.swift in Sources */,
				54F149A6210F8D11007B0D1F /* MenuControls.swift in Sources */,
				54F149BB210F8E02007B0D1F /* InstructionsScene.swift in Sources */,
				54F14991210F8C0A007B0D1F /* GameViewController.swift in Sources */,
				54F14989210F8C0A007B0D1F /* AppDelegate.swift in Sources */,
			);
			runOnlyForDeploymentPostprocessing = 0;
		};
/* End PBXSourcesBuildPhase section */

/* Begin PBXVariantGroup section */
		54F14992210F8C0A007B0D1F /* Main.storyboard */ = {
			isa = PBXVariantGroup;
			children = (
				54F14993210F8C0A007B0D1F /* Base */,
			);
			name = Main.storyboard;
			sourceTree = "<group>";
		};
		54F14997210F8C0E007B0D1F /* LaunchScreen.storyboard */ = {
			isa = PBXVariantGroup;
			children = (
				54F14998210F8C0E007B0D1F /* Base */,
			);
			name = LaunchScreen.storyboard;
			sourceTree = "<group>";
		};
/* End PBXVariantGroup section */

/* Begin XCBuildConfiguration section */
		54F1499B210F8C0E007B0D1F /* Debug */ = {
			isa = XCBuildConfiguration;
			buildSettings = {
				ALWAYS_SEARCH_USER_PATHS = NO;
				CLANG_ANALYZER_NONNULL = YES;
				CLANG_ANALYZER_NUMBER_OBJECT_CONVERSION = YES_AGGRESSIVE;
				CLANG_CXX_LANGUAGE_STANDARD = "gnu++14";
				CLANG_CXX_LIBRARY = "libc++";
				CLANG_ENABLE_MODULES = YES;
				CLANG_ENABLE_OBJC_ARC = YES;
				CLANG_ENABLE_OBJC_WEAK = YES;
				CLANG_WARN_BLOCK_CAPTURE_AUTORELEASING = YES;
				CLANG_WARN_BOOL_CONVERSION = YES;
				CLANG_WARN_COMMA = YES;
				CLANG_WARN_CONSTANT_CONVERSION = YES;
				CLANG_WARN_DEPRECATED_OBJC_IMPLEMENTATIONS = YES;
				CLANG_WARN_DIRECT_OBJC_ISA_USAGE = YES_ERROR;
				CLANG_WARN_DOCUMENTATION_COMMENTS = YES;
				CLANG_WARN_EMPTY_BODY = YES;
				CLANG_WARN_ENUM_CONVERSION = YES;
				CLANG_WARN_INFINITE_RECURSION = YES;
				CLANG_WARN_INT_CONVERSION = YES;
				CLANG_WARN_NON_LITERAL_NULL_CONVERSION = YES;
				CLANG_WARN_OBJC_IMPLICIT_RETAIN_SELF = YES;
				CLANG_WARN_OBJC_LITERAL_CONVERSION = YES;
				CLANG_WARN_OBJC_ROOT_CLASS = YES_ERROR;
				CLANG_WARN_RANGE_LOOP_ANALYSIS = YES;
				CLANG_WARN_STRICT_PROTOTYPES = YES;
				CLANG_WARN_SUSPICIOUS_MOVE = YES;
				CLANG_WARN_UNGUARDED_AVAILABILITY = YES_AGGRESSIVE;
				CLANG_WARN_UNREACHABLE_CODE = YES;
				CLANG_WARN__DUPLICATE_METHOD_MATCH = YES;
				CODE_SIGN_IDENTITY = "iPhone Developer";
				COPY_PHASE_STRIP = NO;
				DEBUG_INFORMATION_FORMAT = dwarf;
				ENABLE_STRICT_OBJC_MSGSEND = YES;
				ENABLE_TESTABILITY = YES;
				GCC_C_LANGUAGE_STANDARD = gnu11;
				GCC_DYNAMIC_NO_PIC = NO;
				GCC_NO_COMMON_BLOCKS = YES;
				GCC_OPTIMIZATION_LEVEL = 0;
				GCC_PREPROCESSOR_DEFINITIONS = (
					"DEBUG=1",
					"$(inherited)",
				);
				GCC_WARN_64_TO_32_BIT_CONVERSION = YES;
				GCC_WARN_ABOUT_RETURN_TYPE = YES_ERROR;
				GCC_WARN_UNDECLARED_SELECTOR = YES;
				GCC_WARN_UNINITIALIZED_AUTOS = YES_AGGRESSIVE;
				GCC_WARN_UNUSED_FUNCTION = YES;
				GCC_WARN_UNUSED_VARIABLE = YES;
				IPHONEOS_DEPLOYMENT_TARGET = 11.4;
				MTL_ENABLE_DEBUG_INFO = YES;
				ONLY_ACTIVE_ARCH = YES;
				SDKROOT = iphoneos;
				SWIFT_ACTIVE_COMPILATION_CONDITIONS = DEBUG;
				SWIFT_OPTIMIZATION_LEVEL = "-Onone";
			};
			name = Debug;
		};
		54F1499C210F8C0E007B0D1F /* Release */ = {
			isa = XCBuildConfiguration;
			buildSettings = {
				ALWAYS_SEARCH_USER_PATHS = NO;
				CLANG_ANALYZER_NONNULL = YES;
				CLANG_ANALYZER_NUMBER_OBJECT_CONVERSION = YES_AGGRESSIVE;
				CLANG_CXX_LANGUAGE_STANDARD = "gnu++14";
				CLANG_CXX_LIBRARY = "libc++";
				CLANG_ENABLE_MODULES = YES;
				CLANG_ENABLE_OBJC_ARC = YES;
				CLANG_ENABLE_OBJC_WEAK = YES;
				CLANG_WARN_BLOCK_CAPTURE_AUTORELEASING = YES;
				CLANG_WARN_BOOL_CONVERSION = YES;
				CLANG_WARN_COMMA = YES;
				CLANG_WARN_CONSTANT_CONVERSION = YES;
				CLANG_WARN_DEPRECATED_OBJC_IMPLEMENTATIONS = YES;
				CLANG_WARN_DIRECT_OBJC_ISA_USAGE = YES_ERROR;
				CLANG_WARN_DOCUMENTATION_COMMENTS = YES;
				CLANG_WARN_EMPTY_BODY = YES;
				CLANG_WARN_ENUM_CONVERSION = YES;
				CLANG_WARN_INFINITE_RECURSION = YES;
				CLANG_WARN_INT_CONVERSION = YES;
				CLANG_WARN_NON_LITERAL_NULL_CONVERSION = YES;
				CLANG_WARN_OBJC_IMPLICIT_RETAIN_SELF = YES;
				CLANG_WARN_OBJC_LITERAL_CONVERSION = YES;
				CLANG_WARN_OBJC_ROOT_CLASS = YES_ERROR;
				CLANG_WARN_RANGE_LOOP_ANALYSIS = YES;
				CLANG_WARN_STRICT_PROTOTYPES = YES;
				CLANG_WARN_SUSPICIOUS_MOVE = YES;
				CLANG_WARN_UNGUARDED_AVAILABILITY = YES_AGGRESSIVE;
				CLANG_WARN_UNREACHABLE_CODE = YES;
				CLANG_WARN__DUPLICATE_METHOD_MATCH = YES;
				CODE_SIGN_IDENTITY = "iPhone Developer";
				COPY_PHASE_STRIP = NO;
				DEBUG_INFORMATION_FORMAT = "dwarf-with-dsym";
				ENABLE_NS_ASSERTIONS = NO;
				ENABLE_STRICT_OBJC_MSGSEND = YES;
				GCC_C_LANGUAGE_STANDARD = gnu11;
				GCC_NO_COMMON_BLOCKS = YES;
				GCC_WARN_64_TO_32_BIT_CONVERSION = YES;
				GCC_WARN_ABOUT_RETURN_TYPE = YES_ERROR;
				GCC_WARN_UNDECLARED_SELECTOR = YES;
				GCC_WARN_UNINITIALIZED_AUTOS = YES_AGGRESSIVE;
				GCC_WARN_UNUSED_FUNCTION = YES;
				GCC_WARN_UNUSED_VARIABLE = YES;
				IPHONEOS_DEPLOYMENT_TARGET = 11.4;
				MTL_ENABLE_DEBUG_INFO = NO;
				SDKROOT = iphoneos;
				SWIFT_COMPILATION_MODE = wholemodule;
				SWIFT_OPTIMIZATION_LEVEL = "-O";
				VALIDATE_PRODUCT = YES;
			};
			name = Release;
		};
		54F1499E210F8C0E007B0D1F /* Debug */ = {
			isa = XCBuildConfiguration;
			buildSettings = {
				ASSETCATALOG_COMPILER_APPICON_NAME = AppIcon;
				CODE_SIGN_STYLE = Automatic;
				DEVELOPMENT_TEAM = 36SAKH8RTR;
				INFOPLIST_FILE = TeacherDisaster/Info.plist;
				LD_RUNPATH_SEARCH_PATHS = (
					"$(inherited)",
					"@executable_path/Frameworks",
				);
				PRODUCT_BUNDLE_IDENTIFIER = com.cartwheelgalaxy.games.TeacherDisaster;
				PRODUCT_NAME = "$(TARGET_NAME)";
				SWIFT_VERSION = 4.0;
				TARGETED_DEVICE_FAMILY = "1,2";
			};
			name = Debug;
		};
		54F1499F210F8C0E007B0D1F /* Release */ = {
			isa = XCBuildConfiguration;
			buildSettings = {
				ASSETCATALOG_COMPILER_APPICON_NAME = AppIcon;
				CODE_SIGN_STYLE = Automatic;
				DEVELOPMENT_TEAM = 36SAKH8RTR;
				INFOPLIST_FILE = TeacherDisaster/Info.plist;
				LD_RUNPATH_SEARCH_PATHS = (
					"$(inherited)",
					"@executable_path/Frameworks",
				);
				PRODUCT_BUNDLE_IDENTIFIER = com.cartwheelgalaxy.games.TeacherDisaster;
				PRODUCT_NAME = "$(TARGET_NAME)";
				SWIFT_VERSION = 4.0;
				TARGETED_DEVICE_FAMILY = "1,2";
			};
			name = Release;
		};
/* End XCBuildConfiguration section */

/* Begin XCConfigurationList section */
		54F14980210F8C0A007B0D1F /* Build configuration list for PBXProject "TeacherDisaster" */ = {
			isa = XCConfigurationList;
			buildConfigurations = (
				54F1499B210F8C0E007B0D1F /* Debug */,
				54F1499C210F8C0E007B0D1F /* Release */,
			);
			defaultConfigurationIsVisible = 0;
			defaultConfigurationName = Release;
		};
		54F1499D210F8C0E007B0D1F /* Build configuration list for PBXNativeTarget "TeacherDisaster" */ = {
			isa = XCConfigurationList;
			buildConfigurations = (
				54F1499E210F8C0E007B0D1F /* Debug */,
				54F1499F210F8C0E007B0D1F /* Release */,
			);
			defaultConfigurationIsVisible = 0;
			defaultConfigurationName = Release;
		};
/* End XCConfigurationList section */
	};
	rootObject = 54F1497D210F8C0A007B0D1F /* Project object */;
}
